// !$*UTF8*$!
{
	archiveVersion = 1;
	classes = {
	};
	objectVersion = 56;
	objects = {

/* Begin PBXBuildFile section */
		07CE0627834730EE6BED583F /* Pods_EDGSampleTests.framework in Frameworks */ = {isa = PBXBuildFile; fileRef = C5AAFA3BCB1ABC84B52FDB27 /* Pods_EDGSampleTests.framework */; };
		292B3FBF29F809E700CD7620 /* EDGSampleApp.swift in Sources */ = {isa = PBXBuildFile; fileRef = 292B3FBE29F809E700CD7620 /* EDGSampleApp.swift */; };
		292B3FC329F809EA00CD7620 /* Assets.xcassets in Resources */ = {isa = PBXBuildFile; fileRef = 292B3FC229F809EA00CD7620 /* Assets.xcassets */; };
		292B3FC629F809EA00CD7620 /* Preview Assets.xcassets in Resources */ = {isa = PBXBuildFile; fileRef = 292B3FC529F809EA00CD7620 /* Preview Assets.xcassets */; };
		292B3FD029F809EA00CD7620 /* EDGSampleTests.swift in Sources */ = {isa = PBXBuildFile; fileRef = 292B3FCF29F809EA00CD7620 /* EDGSampleTests.swift */; };
		292B3FDA29F809EA00CD7620 /* EDGSampleUITests.swift in Sources */ = {isa = PBXBuildFile; fileRef = 292B3FD929F809EA00CD7620 /* EDGSampleUITests.swift */; };
		292B3FDC29F809EA00CD7620 /* EDGSampleUITestsLaunchTests.swift in Sources */ = {isa = PBXBuildFile; fileRef = 292B3FDB29F809EA00CD7620 /* EDGSampleUITestsLaunchTests.swift */; };
		292B3FE929F80B5500CD7620 /* ListView.swift in Sources */ = {isa = PBXBuildFile; fileRef = 292B3FE829F80B5500CD7620 /* ListView.swift */; };
		29E1E18129F810F700FF8CC1 /* ProductModel.swift in Sources */ = {isa = PBXBuildFile; fileRef = 29E1E18029F810F700FF8CC1 /* ProductModel.swift */; };
		29E1E18329F8110D00FF8CC1 /* ProductViewModel.swift in Sources */ = {isa = PBXBuildFile; fileRef = 29E1E18229F8110D00FF8CC1 /* ProductViewModel.swift */; };
		29E1E18829F8126000FF8CC1 /* APIHandler.swift in Sources */ = {isa = PBXBuildFile; fileRef = 29E1E18729F8126000FF8CC1 /* APIHandler.swift */; };
		29E1E18A29F8129A00FF8CC1 /* Service.swift in Sources */ = {isa = PBXBuildFile; fileRef = 29E1E18929F8129A00FF8CC1 /* Service.swift */; };
		29E1E18D29F8142F00FF8CC1 /* LoadIndicator.swift in Sources */ = {isa = PBXBuildFile; fileRef = 29E1E18C29F8142F00FF8CC1 /* LoadIndicator.swift */; };
		5EEE273B37E95737161EEE8A /* Pods_EDGSample_EDGSampleUITests.framework in Frameworks */ = {isa = PBXBuildFile; fileRef = E555519D60D58D938B24FE5E /* Pods_EDGSample_EDGSampleUITests.framework */; };
		FB9A81E49DFCE8C927A873BF /* Pods_EDGSample.framework in Frameworks */ = {isa = PBXBuildFile; fileRef = 29E2C2C2451FAE38B84F16C3 /* Pods_EDGSample.framework */; };
/* End PBXBuildFile section */

/* Begin PBXContainerItemProxy section */
		292B3FCC29F809EA00CD7620 /* PBXContainerItemProxy */ = {
			isa = PBXContainerItemProxy;
			containerPortal = 292B3FB329F809E700CD7620 /* Project object */;
			proxyType = 1;
			remoteGlobalIDString = 292B3FBA29F809E700CD7620;
			remoteInfo = EDGSample;
		};
		292B3FD629F809EA00CD7620 /* PBXContainerItemProxy */ = {
			isa = PBXContainerItemProxy;
			containerPortal = 292B3FB329F809E700CD7620 /* Project object */;
			proxyType = 1;
			remoteGlobalIDString = 292B3FBA29F809E700CD7620;
			remoteInfo = EDGSample;
		};
/* End PBXContainerItemProxy section */

/* Begin PBXFileReference section */
		1B1DCCA4EA864E0DB5321345 /* Pods-EDGSampleTests.debug.xcconfig */ = {isa = PBXFileReference; includeInIndex = 1; lastKnownFileType = text.xcconfig; name = "Pods-EDGSampleTests.debug.xcconfig"; path = "Target Support Files/Pods-EDGSampleTests/Pods-EDGSampleTests.debug.xcconfig"; sourceTree = "<group>"; };
		292B3FBB29F809E700CD7620 /* EDGSample.app */ = {isa = PBXFileReference; explicitFileType = wrapper.application; includeInIndex = 0; path = EDGSample.app; sourceTree = BUILT_PRODUCTS_DIR; };
		292B3FBE29F809E700CD7620 /* EDGSampleApp.swift */ = {isa = PBXFileReference; lastKnownFileType = sourcecode.swift; path = EDGSampleApp.swift; sourceTree = "<group>"; };
		292B3FC229F809EA00CD7620 /* Assets.xcassets */ = {isa = PBXFileReference; lastKnownFileType = folder.assetcatalog; path = Assets.xcassets; sourceTree = "<group>"; };
		292B3FC529F809EA00CD7620 /* Preview Assets.xcassets */ = {isa = PBXFileReference; lastKnownFileType = folder.assetcatalog; path = "Preview Assets.xcassets"; sourceTree = "<group>"; };
		292B3FCB29F809EA00CD7620 /* EDGSampleTests.xctest */ = {isa = PBXFileReference; explicitFileType = wrapper.cfbundle; includeInIndex = 0; path = EDGSampleTests.xctest; sourceTree = BUILT_PRODUCTS_DIR; };
		292B3FCF29F809EA00CD7620 /* EDGSampleTests.swift */ = {isa = PBXFileReference; lastKnownFileType = sourcecode.swift; path = EDGSampleTests.swift; sourceTree = "<group>"; };
		292B3FD529F809EA00CD7620 /* EDGSampleUITests.xctest */ = {isa = PBXFileReference; explicitFileType = wrapper.cfbundle; includeInIndex = 0; path = EDGSampleUITests.xctest; sourceTree = BUILT_PRODUCTS_DIR; };
		292B3FD929F809EA00CD7620 /* EDGSampleUITests.swift */ = {isa = PBXFileReference; lastKnownFileType = sourcecode.swift; path = EDGSampleUITests.swift; sourceTree = "<group>"; };
		292B3FDB29F809EA00CD7620 /* EDGSampleUITestsLaunchTests.swift */ = {isa = PBXFileReference; lastKnownFileType = sourcecode.swift; path = EDGSampleUITestsLaunchTests.swift; sourceTree = "<group>"; };
		292B3FE829F80B5500CD7620 /* ListView.swift */ = {isa = PBXFileReference; lastKnownFileType = sourcecode.swift; path = ListView.swift; sourceTree = "<group>"; };
		29E1E18029F810F700FF8CC1 /* ProductModel.swift */ = {isa = PBXFileReference; lastKnownFileType = sourcecode.swift; path = ProductModel.swift; sourceTree = "<group>"; };
		29E1E18229F8110D00FF8CC1 /* ProductViewModel.swift */ = {isa = PBXFileReference; lastKnownFileType = sourcecode.swift; path = ProductViewModel.swift; sourceTree = "<group>"; };
		29E1E18729F8126000FF8CC1 /* APIHandler.swift */ = {isa = PBXFileReference; lastKnownFileType = sourcecode.swift; path = APIHandler.swift; sourceTree = "<group>"; };
		29E1E18929F8129A00FF8CC1 /* Service.swift */ = {isa = PBXFileReference; lastKnownFileType = sourcecode.swift; path = Service.swift; sourceTree = "<group>"; };
		29E1E18C29F8142F00FF8CC1 /* LoadIndicator.swift */ = {isa = PBXFileReference; lastKnownFileType = sourcecode.swift; path = LoadIndicator.swift; sourceTree = "<group>"; };
		29E2C2C2451FAE38B84F16C3 /* Pods_EDGSample.framework */ = {isa = PBXFileReference; explicitFileType = wrapper.framework; includeInIndex = 0; path = Pods_EDGSample.framework; sourceTree = BUILT_PRODUCTS_DIR; };
		479B07360C1C5F27B423E2E6 /* Pods-EDGSampleTests.release.xcconfig */ = {isa = PBXFileReference; includeInIndex = 1; lastKnownFileType = text.xcconfig; name = "Pods-EDGSampleTests.release.xcconfig"; path = "Target Support Files/Pods-EDGSampleTests/Pods-EDGSampleTests.release.xcconfig"; sourceTree = "<group>"; };
		57022A7193C96E6D02EB91E1 /* Pods-EDGSample-EDGSampleUITests.debug.xcconfig */ = {isa = PBXFileReference; includeInIndex = 1; lastKnownFileType = text.xcconfig; name = "Pods-EDGSample-EDGSampleUITests.debug.xcconfig"; path = "Target Support Files/Pods-EDGSample-EDGSampleUITests/Pods-EDGSample-EDGSampleUITests.debug.xcconfig"; sourceTree = "<group>"; };
		8E03FDDC3AFE5A92882BC0FD /* Pods-EDGSample-EDGSampleUITests.release.xcconfig */ = {isa = PBXFileReference; includeInIndex = 1; lastKnownFileType = text.xcconfig; name = "Pods-EDGSample-EDGSampleUITests.release.xcconfig"; path = "Target Support Files/Pods-EDGSample-EDGSampleUITests/Pods-EDGSample-EDGSampleUITests.release.xcconfig"; sourceTree = "<group>"; };
		C5AAFA3BCB1ABC84B52FDB27 /* Pods_EDGSampleTests.framework */ = {isa = PBXFileReference; explicitFileType = wrapper.framework; includeInIndex = 0; path = Pods_EDGSampleTests.framework; sourceTree = BUILT_PRODUCTS_DIR; };
		DFE50E9B635434147D952E9B /* Pods-EDGSample.release.xcconfig */ = {isa = PBXFileReference; includeInIndex = 1; lastKnownFileType = text.xcconfig; name = "Pods-EDGSample.release.xcconfig"; path = "Target Support Files/Pods-EDGSample/Pods-EDGSample.release.xcconfig"; sourceTree = "<group>"; };
		E555519D60D58D938B24FE5E /* Pods_EDGSample_EDGSampleUITests.framework */ = {isa = PBXFileReference; explicitFileType = wrapper.framework; includeInIndex = 0; path = Pods_EDGSample_EDGSampleUITests.framework; sourceTree = BUILT_PRODUCTS_DIR; };
		E95C15EEAAEE6994EB19DF50 /* Pods-EDGSample.debug.xcconfig */ = {isa = PBXFileReference; includeInIndex = 1; lastKnownFileType = text.xcconfig; name = "Pods-EDGSample.debug.xcconfig"; path = "Target Support Files/Pods-EDGSample/Pods-EDGSample.debug.xcconfig"; sourceTree = "<group>"; };
/* End PBXFileReference section */

/* Begin PBXFrameworksBuildPhase section */
		292B3FB829F809E700CD7620 /* Frameworks */ = {
			isa = PBXFrameworksBuildPhase;
			buildActionMask = 2147483647;
			files = (
				FB9A81E49DFCE8C927A873BF /* Pods_EDGSample.framework in Frameworks */,
			);
			runOnlyForDeploymentPostprocessing = 0;
		};
		292B3FC829F809EA00CD7620 /* Frameworks */ = {
			isa = PBXFrameworksBuildPhase;
			buildActionMask = 2147483647;
			files = (
				07CE0627834730EE6BED583F /* Pods_EDGSampleTests.framework in Frameworks */,
			);
			runOnlyForDeploymentPostprocessing = 0;
		};
		292B3FD229F809EA00CD7620 /* Frameworks */ = {
			isa = PBXFrameworksBuildPhase;
			buildActionMask = 2147483647;
			files = (
				5EEE273B37E95737161EEE8A /* Pods_EDGSample_EDGSampleUITests.framework in Frameworks */,
			);
			runOnlyForDeploymentPostprocessing = 0;
		};
/* End PBXFrameworksBuildPhase section */

/* Begin PBXGroup section */
		22C1CF5AC561E6D70D711760 /* Pods */ = {
			isa = PBXGroup;
			children = (
				E95C15EEAAEE6994EB19DF50 /* Pods-EDGSample.debug.xcconfig */,
				DFE50E9B635434147D952E9B /* Pods-EDGSample.release.xcconfig */,
				57022A7193C96E6D02EB91E1 /* Pods-EDGSample-EDGSampleUITests.debug.xcconfig */,
				8E03FDDC3AFE5A92882BC0FD /* Pods-EDGSample-EDGSampleUITests.release.xcconfig */,
				1B1DCCA4EA864E0DB5321345 /* Pods-EDGSampleTests.debug.xcconfig */,
				479B07360C1C5F27B423E2E6 /* Pods-EDGSampleTests.release.xcconfig */,
			);
			path = Pods;
			sourceTree = "<group>";
		};
		292B3FB229F809E700CD7620 = {
			isa = PBXGroup;
			children = (
				292B3FBD29F809E700CD7620 /* EDGSample */,
				292B3FCE29F809EA00CD7620 /* EDGSampleTests */,
				292B3FD829F809EA00CD7620 /* EDGSampleUITests */,
				292B3FBC29F809E700CD7620 /* Products */,
				22C1CF5AC561E6D70D711760 /* Pods */,
				D9C0451E6DAAFF384BEFD25B /* Frameworks */,
			);
			sourceTree = "<group>";
		};
		292B3FBC29F809E700CD7620 /* Products */ = {
			isa = PBXGroup;
			children = (
				292B3FBB29F809E700CD7620 /* EDGSample.app */,
				292B3FCB29F809EA00CD7620 /* EDGSampleTests.xctest */,
				292B3FD529F809EA00CD7620 /* EDGSampleUITests.xctest */,
			);
			name = Products;
			sourceTree = "<group>";
		};
		292B3FBD29F809E700CD7620 /* EDGSample */ = {
			isa = PBXGroup;
			children = (
				292B3FBE29F809E700CD7620 /* EDGSampleApp.swift */,
				292B3FC229F809EA00CD7620 /* Assets.xcassets */,
				292B3FC429F809EA00CD7620 /* Preview Content */,
				292B3FE829F80B5500CD7620 /* ListView.swift */,
			);
			path = EDGSample;
			sourceTree = "<group>";
		};
		292B3FC429F809EA00CD7620 /* Preview Content */ = {
			isa = PBXGroup;
			children = (
				29E1E18B29F8141D00FF8CC1 /* Helper */,
				29E1E18629F8124900FF8CC1 /* MVVM */,
				292B3FC529F809EA00CD7620 /* Preview Assets.xcassets */,
				29E1E18029F810F700FF8CC1 /* ProductModel.swift */,
				29E1E18229F8110D00FF8CC1 /* ProductViewModel.swift */,
			);
			path = "Preview Content";
			sourceTree = "<group>";
		};
		292B3FCE29F809EA00CD7620 /* EDGSampleTests */ = {
			isa = PBXGroup;
			children = (
				292B3FCF29F809EA00CD7620 /* EDGSampleTests.swift */,
			);
			path = EDGSampleTests;
			sourceTree = "<group>";
		};
		292B3FD829F809EA00CD7620 /* EDGSampleUITests */ = {
			isa = PBXGroup;
			children = (
				292B3FD929F809EA00CD7620 /* EDGSampleUITests.swift */,
				292B3FDB29F809EA00CD7620 /* EDGSampleUITestsLaunchTests.swift */,
			);
			path = EDGSampleUITests;
			sourceTree = "<group>";
		};
		29E1E18629F8124900FF8CC1 /* MVVM */ = {
			isa = PBXGroup;
			children = (
				29E1E18729F8126000FF8CC1 /* APIHandler.swift */,
				29E1E18929F8129A00FF8CC1 /* Service.swift */,
			);
			path = MVVM;
			sourceTree = "<group>";
		};
		29E1E18B29F8141D00FF8CC1 /* Helper */ = {
			isa = PBXGroup;
			children = (
				29E1E18C29F8142F00FF8CC1 /* LoadIndicator.swift */,
			);
			path = Helper;
			sourceTree = "<group>";
		};
		D9C0451E6DAAFF384BEFD25B /* Frameworks */ = {
			isa = PBXGroup;
			children = (
				29E2C2C2451FAE38B84F16C3 /* Pods_EDGSample.framework */,
				E555519D60D58D938B24FE5E /* Pods_EDGSample_EDGSampleUITests.framework */,
				C5AAFA3BCB1ABC84B52FDB27 /* Pods_EDGSampleTests.framework */,
			);
			name = Frameworks;
			sourceTree = "<group>";
		};
/* End PBXGroup section */

/* Begin PBXNativeTarget section */
		292B3FBA29F809E700CD7620 /* EDGSample */ = {
			isa = PBXNativeTarget;
			buildConfigurationList = 292B3FDF29F809EA00CD7620 /* Build configuration list for PBXNativeTarget "EDGSample" */;
			buildPhases = (
				FBCD1FABDD4A063FC9D5E2D6 /* [CP] Check Pods Manifest.lock */,
				292B3FB729F809E700CD7620 /* Sources */,
				292B3FB829F809E700CD7620 /* Frameworks */,
				292B3FB929F809E700CD7620 /* Resources */,
				44F9F600C509E74C525520CE /* [CP] Embed Pods Frameworks */,
			);
			buildRules = (
			);
			dependencies = (
			);
			name = EDGSample;
			productName = EDGSample;
			productReference = 292B3FBB29F809E700CD7620 /* EDGSample.app */;
			productType = "com.apple.product-type.application";
		};
		292B3FCA29F809EA00CD7620 /* EDGSampleTests */ = {
			isa = PBXNativeTarget;
			buildConfigurationList = 292B3FE229F809EA00CD7620 /* Build configuration list for PBXNativeTarget "EDGSampleTests" */;
			buildPhases = (
				BB588C84E44460A7D784F5D0 /* [CP] Check Pods Manifest.lock */,
				292B3FC729F809EA00CD7620 /* Sources */,
				292B3FC829F809EA00CD7620 /* Frameworks */,
				292B3FC929F809EA00CD7620 /* Resources */,
			);
			buildRules = (
			);
			dependencies = (
				292B3FCD29F809EA00CD7620 /* PBXTargetDependency */,
			);
			name = EDGSampleTests;
			productName = EDGSampleTests;
			productReference = 292B3FCB29F809EA00CD7620 /* EDGSampleTests.xctest */;
			productType = "com.apple.product-type.bundle.unit-test";
		};
		292B3FD429F809EA00CD7620 /* EDGSampleUITests */ = {
			isa = PBXNativeTarget;
			buildConfigurationList = 292B3FE529F809EA00CD7620 /* Build configuration list for PBXNativeTarget "EDGSampleUITests" */;
			buildPhases = (
				51E1C01F24653E51BEE8C563 /* [CP] Check Pods Manifest.lock */,
				292B3FD129F809EA00CD7620 /* Sources */,
				292B3FD229F809EA00CD7620 /* Frameworks */,
				292B3FD329F809EA00CD7620 /* Resources */,
				535C568DACB92C8F73FD1E44 /* [CP] Embed Pods Frameworks */,
			);
			buildRules = (
			);
			dependencies = (
				292B3FD729F809EA00CD7620 /* PBXTargetDependency */,
			);
			name = EDGSampleUITests;
			productName = EDGSampleUITests;
			productReference = 292B3FD529F809EA00CD7620 /* EDGSampleUITests.xctest */;
			productType = "com.apple.product-type.bundle.ui-testing";
		};
/* End PBXNativeTarget section */

/* Begin PBXProject section */
		292B3FB329F809E700CD7620 /* Project object */ = {
			isa = PBXProject;
			attributes = {
				BuildIndependentTargetsInParallel = 1;
				LastSwiftUpdateCheck = 1410;
				LastUpgradeCheck = 1410;
				TargetAttributes = {
					292B3FBA29F809E700CD7620 = {
						CreatedOnToolsVersion = 14.1;
					};
					292B3FCA29F809EA00CD7620 = {
						CreatedOnToolsVersion = 14.1;
						TestTargetID = 292B3FBA29F809E700CD7620;
					};
					292B3FD429F809EA00CD7620 = {
						CreatedOnToolsVersion = 14.1;
						TestTargetID = 292B3FBA29F809E700CD7620;
					};
				};
			};
			buildConfigurationList = 292B3FB629F809E700CD7620 /* Build configuration list for PBXProject "EDGSample" */;
			compatibilityVersion = "Xcode 14.0";
			developmentRegion = en;
			hasScannedForEncodings = 0;
			knownRegions = (
				en,
				Base,
			);
			mainGroup = 292B3FB229F809E700CD7620;
			productRefGroup = 292B3FBC29F809E700CD7620 /* Products */;
			projectDirPath = "";
			projectRoot = "";
			targets = (
				292B3FBA29F809E700CD7620 /* EDGSample */,
				292B3FCA29F809EA00CD7620 /* EDGSampleTests */,
				292B3FD429F809EA00CD7620 /* EDGSampleUITests */,
			);
		};
/* End PBXProject section */

/* Begin PBXResourcesBuildPhase section */
		292B3FB929F809E700CD7620 /* Resources */ = {
			isa = PBXResourcesBuildPhase;
			buildActionMask = 2147483647;
			files = (
				292B3FC629F809EA00CD7620 /* Preview Assets.xcassets in Resources */,
				292B3FC329F809EA00CD7620 /* Assets.xcassets in Resources */,
			);
			runOnlyForDeploymentPostprocessing = 0;
		};
		292B3FC929F809EA00CD7620 /* Resources */ = {
			isa = PBXResourcesBuildPhase;
			buildActionMask = 2147483647;
			files = (
			);
			runOnlyForDeploymentPostprocessing = 0;
		};
		292B3FD329F809EA00CD7620 /* Resources */ = {
			isa = PBXResourcesBuildPhase;
			buildActionMask = 2147483647;
			files = (
			);
			runOnlyForDeploymentPostprocessing = 0;
		};
/* End PBXResourcesBuildPhase section */

/* Begin PBXShellScriptBuildPhase section */
		44F9F600C509E74C525520CE /* [CP] Embed Pods Frameworks */ = {
			isa = PBXShellScriptBuildPhase;
			buildActionMask = 2147483647;
			files = (
			);
			inputFileListPaths = (
				"${PODS_ROOT}/Target Support Files/Pods-EDGSample/Pods-EDGSample-frameworks-${CONFIGURATION}-input-files.xcfilelist",
			);
			name = "[CP] Embed Pods Frameworks";
			outputFileListPaths = (
				"${PODS_ROOT}/Target Support Files/Pods-EDGSample/Pods-EDGSample-frameworks-${CONFIGURATION}-output-files.xcfilelist",
			);
			runOnlyForDeploymentPostprocessing = 0;
			shellPath = /bin/sh;
			shellScript = "\"${PODS_ROOT}/Target Support Files/Pods-EDGSample/Pods-EDGSample-frameworks.sh\"\n";
			showEnvVarsInLog = 0;
		};
		51E1C01F24653E51BEE8C563 /* [CP] Check Pods Manifest.lock */ = {
			isa = PBXShellScriptBuildPhase;
			buildActionMask = 2147483647;
			files = (
			);
			inputFileListPaths = (
			);
			inputPaths = (
				"${PODS_PODFILE_DIR_PATH}/Podfile.lock",
				"${PODS_ROOT}/Manifest.lock",
			);
			name = "[CP] Check Pods Manifest.lock";
			outputFileListPaths = (
			);
			outputPaths = (
				"$(DERIVED_FILE_DIR)/Pods-EDGSample-EDGSampleUITests-checkManifestLockResult.txt",
			);
			runOnlyForDeploymentPostprocessing = 0;
			shellPath = /bin/sh;
			shellScript = "diff \"${PODS_PODFILE_DIR_PATH}/Podfile.lock\" \"${PODS_ROOT}/Manifest.lock\" > /dev/null\nif [ $? != 0 ] ; then\n    # print error to STDERR\n    echo \"error: The sandbox is not in sync with the Podfile.lock. Run 'pod install' or update your CocoaPods installation.\" >&2\n    exit 1\nfi\n# This output is used by Xcode 'outputs' to avoid re-running this script phase.\necho \"SUCCESS\" > \"${SCRIPT_OUTPUT_FILE_0}\"\n";
			showEnvVarsInLog = 0;
		};
		535C568DACB92C8F73FD1E44 /* [CP] Embed Pods Frameworks */ = {
			isa = PBXShellScriptBuildPhase;
			buildActionMask = 2147483647;
			files = (
			);
			inputFileListPaths = (
				"${PODS_ROOT}/Target Support Files/Pods-EDGSample-EDGSampleUITests/Pods-EDGSample-EDGSampleUITests-frameworks-${CONFIGURATION}-input-files.xcfilelist",
			);
			name = "[CP] Embed Pods Frameworks";
			outputFileListPaths = (
				"${PODS_ROOT}/Target Support Files/Pods-EDGSample-EDGSampleUITests/Pods-EDGSample-EDGSampleUITests-frameworks-${CONFIGURATION}-output-files.xcfilelist",
			);
			runOnlyForDeploymentPostprocessing = 0;
			shellPath = /bin/sh;
			shellScript = "\"${PODS_ROOT}/Target Support Files/Pods-EDGSample-EDGSampleUITests/Pods-EDGSample-EDGSampleUITests-frameworks.sh\"\n";
			showEnvVarsInLog = 0;
		};
		BB588C84E44460A7D784F5D0 /* [CP] Check Pods Manifest.lock */ = {
			isa = PBXShellScriptBuildPhase;
			buildActionMask = 2147483647;
			files = (
			);
			inputFileListPaths = (
			);
			inputPaths = (
				"${PODS_PODFILE_DIR_PATH}/Podfile.lock",
				"${PODS_ROOT}/Manifest.lock",
			);
			name = "[CP] Check Pods Manifest.lock";
			outputFileListPaths = (
			);
			outputPaths = (
				"$(DERIVED_FILE_DIR)/Pods-EDGSampleTests-checkManifestLockResult.txt",
			);
			runOnlyForDeploymentPostprocessing = 0;
			shellPath = /bin/sh;
			shellScript = "diff \"${PODS_PODFILE_DIR_PATH}/Podfile.lock\" \"${PODS_ROOT}/Manifest.lock\" > /dev/null\nif [ $? != 0 ] ; then\n    # print error to STDERR\n    echo \"error: The sandbox is not in sync with the Podfile.lock. Run 'pod install' or update your CocoaPods installation.\" >&2\n    exit 1\nfi\n# This output is used by Xcode 'outputs' to avoid re-running this script phase.\necho \"SUCCESS\" > \"${SCRIPT_OUTPUT_FILE_0}\"\n";
			showEnvVarsInLog = 0;
		};
		FBCD1FABDD4A063FC9D5E2D6 /* [CP] Check Pods Manifest.lock */ = {
			isa = PBXShellScriptBuildPhase;
			buildActionMask = 2147483647;
			files = (
			);
			inputFileListPaths = (
			);
			inputPaths = (
				"${PODS_PODFILE_DIR_PATH}/Podfile.lock",
				"${PODS_ROOT}/Manifest.lock",
			);
			name = "[CP] Check Pods Manifest.lock";
			outputFileListPaths = (
			);
			outputPaths = (
				"$(DERIVED_FILE_DIR)/Pods-EDGSample-checkManifestLockResult.txt",
			);
			runOnlyForDeploymentPostprocessing = 0;
			shellPath = /bin/sh;
			shellScript = "diff \"${PODS_PODFILE_DIR_PATH}/Podfile.lock\" \"${PODS_ROOT}/Manifest.lock\" > /dev/null\nif [ $? != 0 ] ; then\n    # print error to STDERR\n    echo \"error: The sandbox is not in sync with the Podfile.lock. Run 'pod install' or update your CocoaPods installation.\" >&2\n    exit 1\nfi\n# This output is used by Xcode 'outputs' to avoid re-running this script phase.\necho \"SUCCESS\" > \"${SCRIPT_OUTPUT_FILE_0}\"\n";
			showEnvVarsInLog = 0;
		};
/* End PBXShellScriptBuildPhase section */

/* Begin PBXSourcesBuildPhase section */
		292B3FB729F809E700CD7620 /* Sources */ = {
			isa = PBXSourcesBuildPhase;
			buildActionMask = 2147483647;
			files = (
				29E1E18D29F8142F00FF8CC1 /* LoadIndicator.swift in Sources */,
				292B3FBF29F809E700CD7620 /* EDGSampleApp.swift in Sources */,
				29E1E18129F810F700FF8CC1 /* ProductModel.swift in Sources */,
				29E1E18829F8126000FF8CC1 /* APIHandler.swift in Sources */,
				29E1E18329F8110D00FF8CC1 /* ProductViewModel.swift in Sources */,
				292B3FE929F80B5500CD7620 /* ListView.swift in Sources */,
				29E1E18A29F8129A00FF8CC1 /* Service.swift in Sources */,
			);
			runOnlyForDeploymentPostprocessing = 0;
		};
		292B3FC729F809EA00CD7620 /* Sources */ = {
			isa = PBXSourcesBuildPhase;
			buildActionMask = 2147483647;
			files = (
				292B3FD029F809EA00CD7620 /* EDGSampleTests.swift in Sources */,
			);
			runOnlyForDeploymentPostprocessing = 0;
		};
		292B3FD129F809EA00CD7620 /* Sources */ = {
			isa = PBXSourcesBuildPhase;
			buildActionMask = 2147483647;
			files = (
				292B3FDA29F809EA00CD7620 /* EDGSampleUITests.swift in Sources */,
				292B3FDC29F809EA00CD7620 /* EDGSampleUITestsLaunchTests.swift in Sources */,
			);
			runOnlyForDeploymentPostprocessing = 0;
		};
/* End PBXSourcesBuildPhase section */

/* Begin PBXTargetDependency section */
		292B3FCD29F809EA00CD7620 /* PBXTargetDependency */ = {
			isa = PBXTargetDependency;
			target = 292B3FBA29F809E700CD7620 /* EDGSample */;
			targetProxy = 292B3FCC29F809EA00CD7620 /* PBXContainerItemProxy */;
		};
		292B3FD729F809EA00CD7620 /* PBXTargetDependency */ = {
			isa = PBXTargetDependency;
			target = 292B3FBA29F809E700CD7620 /* EDGSample */;
			targetProxy = 292B3FD629F809EA00CD7620 /* PBXContainerItemProxy */;
		};
/* End PBXTargetDependency section */

/* Begin XCBuildConfiguration section */
		292B3FDD29F809EA00CD7620 /* Debug */ = {
			isa = XCBuildConfiguration;
			buildSettings = {
				ALWAYS_SEARCH_USER_PATHS = NO;
				CLANG_ANALYZER_NONNULL = YES;
				CLANG_ANALYZER_NUMBER_OBJECT_CONVERSION = YES_AGGRESSIVE;
				CLANG_CXX_LANGUAGE_STANDARD = "gnu++20";
				CLANG_ENABLE_MODULES = YES;
				CLANG_ENABLE_OBJC_ARC = YES;
				CLANG_ENABLE_OBJC_WEAK = YES;
				CLANG_WARN_BLOCK_CAPTURE_AUTORELEASING = YES;
				CLANG_WARN_BOOL_CONVERSION = YES;
				CLANG_WARN_COMMA = YES;
				CLANG_WARN_CONSTANT_CONVERSION = YES;
				CLANG_WARN_DEPRECATED_OBJC_IMPLEMENTATIONS = YES;
				CLANG_WARN_DIRECT_OBJC_ISA_USAGE = YES_ERROR;
				CLANG_WARN_DOCUMENTATION_COMMENTS = YES;
				CLANG_WARN_EMPTY_BODY = YES;
				CLANG_WARN_ENUM_CONVERSION = YES;
				CLANG_WARN_INFINITE_RECURSION = YES;
				CLANG_WARN_INT_CONVERSION = YES;
				CLANG_WARN_NON_LITERAL_NULL_CONVERSION = YES;
				CLANG_WARN_OBJC_IMPLICIT_RETAIN_SELF = YES;
				CLANG_WARN_OBJC_LITERAL_CONVERSION = YES;
				CLANG_WARN_OBJC_ROOT_CLASS = YES_ERROR;
				CLANG_WARN_QUOTED_INCLUDE_IN_FRAMEWORK_HEADER = YES;
				CLANG_WARN_RANGE_LOOP_ANALYSIS = YES;
				CLANG_WARN_STRICT_PROTOTYPES = YES;
				CLANG_WARN_SUSPICIOUS_MOVE = YES;
				CLANG_WARN_UNGUARDED_AVAILABILITY = YES_AGGRESSIVE;
				CLANG_WARN_UNREACHABLE_CODE = YES;
				CLANG_WARN__DUPLICATE_METHOD_MATCH = YES;
				COPY_PHASE_STRIP = NO;
				DEBUG_INFORMATION_FORMAT = dwarf;
				ENABLE_STRICT_OBJC_MSGSEND = YES;
				ENABLE_TESTABILITY = YES;
				GCC_C_LANGUAGE_STANDARD = gnu11;
				GCC_DYNAMIC_NO_PIC = NO;
				GCC_NO_COMMON_BLOCKS = YES;
				GCC_OPTIMIZATION_LEVEL = 0;
				GCC_PREPROCESSOR_DEFINITIONS = (
					"DEBUG=1",
					"$(inherited)",
				);
				GCC_WARN_64_TO_32_BIT_CONVERSION = YES;
				GCC_WARN_ABOUT_RETURN_TYPE = YES_ERROR;
				GCC_WARN_UNDECLARED_SELECTOR = YES;
				GCC_WARN_UNINITIALIZED_AUTOS = YES_AGGRESSIVE;
				GCC_WARN_UNUSED_FUNCTION = YES;
				GCC_WARN_UNUSED_VARIABLE = YES;
				IPHONEOS_DEPLOYMENT_TARGET = 16.1;
				MTL_ENABLE_DEBUG_INFO = INCLUDE_SOURCE;
				MTL_FAST_MATH = YES;
				ONLY_ACTIVE_ARCH = YES;
				SDKROOT = iphoneos;
				SWIFT_ACTIVE_COMPILATION_CONDITIONS = DEBUG;
				SWIFT_OPTIMIZATION_LEVEL = "-Onone";
			};
			name = Debug;
		};
		292B3FDE29F809EA00CD7620 /* Release */ = {
			isa = XCBuildConfiguration;
			buildSettings = {
				ALWAYS_SEARCH_USER_PATHS = NO;
				CLANG_ANALYZER_NONNULL = YES;
				CLANG_ANALYZER_NUMBER_OBJECT_CONVERSION = YES_AGGRESSIVE;
				CLANG_CXX_LANGUAGE_STANDARD = "gnu++20";
				CLANG_ENABLE_MODULES = YES;
				CLANG_ENABLE_OBJC_ARC = YES;
				CLANG_ENABLE_OBJC_WEAK = YES;
				CLANG_WARN_BLOCK_CAPTURE_AUTORELEASING = YES;
				CLANG_WARN_BOOL_CONVERSION = YES;
				CLANG_WARN_COMMA = YES;
				CLANG_WARN_CONSTANT_CONVERSION = YES;
				CLANG_WARN_DEPRECATED_OBJC_IMPLEMENTATIONS = YES;
				CLANG_WARN_DIRECT_OBJC_ISA_USAGE = YES_ERROR;
				CLANG_WARN_DOCUMENTATION_COMMENTS = YES;
				CLANG_WARN_EMPTY_BODY = YES;
				CLANG_WARN_ENUM_CONVERSION = YES;
				CLANG_WARN_INFINITE_RECURSION = YES;
				CLANG_WARN_INT_CONVERSION = YES;
				CLANG_WARN_NON_LITERAL_NULL_CONVERSION = YES;
				CLANG_WARN_OBJC_IMPLICIT_RETAIN_SELF = YES;
				CLANG_WARN_OBJC_LITERAL_CONVERSION = YES;
				CLANG_WARN_OBJC_ROOT_CLASS = YES_ERROR;
				CLANG_WARN_QUOTED_INCLUDE_IN_FRAMEWORK_HEADER = YES;
				CLANG_WARN_RANGE_LOOP_ANALYSIS = YES;
				CLANG_WARN_STRICT_PROTOTYPES = YES;
				CLANG_WARN_SUSPICIOUS_MOVE = YES;
				CLANG_WARN_UNGUARDED_AVAILABILITY = YES_AGGRESSIVE;
				CLANG_WARN_UNREACHABLE_CODE = YES;
				CLANG_WARN__DUPLICATE_METHOD_MATCH = YES;
				COPY_PHASE_STRIP = NO;
				DEBUG_INFORMATION_FORMAT = "dwarf-with-dsym";
				ENABLE_NS_ASSERTIONS = NO;
				ENABLE_STRICT_OBJC_MSGSEND = YES;
				GCC_C_LANGUAGE_STANDARD = gnu11;
				GCC_NO_COMMON_BLOCKS = YES;
				GCC_WARN_64_TO_32_BIT_CONVERSION = YES;
				GCC_WARN_ABOUT_RETURN_TYPE = YES_ERROR;
				GCC_WARN_UNDECLARED_SELECTOR = YES;
				GCC_WARN_UNINITIALIZED_AUTOS = YES_AGGRESSIVE;
				GCC_WARN_UNUSED_FUNCTION = YES;
				GCC_WARN_UNUSED_VARIABLE = YES;
				IPHONEOS_DEPLOYMENT_TARGET = 16.1;
				MTL_ENABLE_DEBUG_INFO = NO;
				MTL_FAST_MATH = YES;
				SDKROOT = iphoneos;
				SWIFT_COMPILATION_MODE = wholemodule;
				SWIFT_OPTIMIZATION_LEVEL = "-O";
				VALIDATE_PRODUCT = YES;
			};
			name = Release;
		};
		292B3FE029F809EA00CD7620 /* Debug */ = {
			isa = XCBuildConfiguration;
			baseConfigurationReference = E95C15EEAAEE6994EB19DF50 /* Pods-EDGSample.debug.xcconfig */;
			buildSettings = {
				ASSETCATALOG_COMPILER_APPICON_NAME = AppIcon;
				ASSETCATALOG_COMPILER_GLOBAL_ACCENT_COLOR_NAME = AccentColor;
				CODE_SIGN_STYLE = Automatic;
				CURRENT_PROJECT_VERSION = 1;
				DEVELOPMENT_ASSET_PATHS = "\"EDGSample/Preview Content\"";
				DEVELOPMENT_TEAM = XTLNDJC7C4;
				ENABLE_PREVIEWS = YES;
				GENERATE_INFOPLIST_FILE = YES;
				INFOPLIST_KEY_UIApplicationSceneManifest_Generation = YES;
				INFOPLIST_KEY_UIApplicationSupportsIndirectInputEvents = YES;
				INFOPLIST_KEY_UILaunchScreen_Generation = YES;
				INFOPLIST_KEY_UISupportedInterfaceOrientations_iPad = "UIInterfaceOrientationPortrait UIInterfaceOrientationPortraitUpsideDown UIInterfaceOrientationLandscapeLeft UIInterfaceOrientationLandscapeRight";
				INFOPLIST_KEY_UISupportedInterfaceOrientations_iPhone = "UIInterfaceOrientationPortrait UIInterfaceOrientationLandscapeLeft UIInterfaceOrientationLandscapeRight";
				IPHONEOS_DEPLOYMENT_TARGET = 14.6;
				LD_RUNPATH_SEARCH_PATHS = (
					"$(inherited)",
					"@executable_path/Frameworks",
				);
				MARKETING_VERSION = 1.0;
				PRODUCT_BUNDLE_IDENTIFIER = EDGSample.EDGSample;
				PRODUCT_NAME = "$(TARGET_NAME)";
				SWIFT_EMIT_LOC_STRINGS = YES;
				SWIFT_VERSION = 5.0;
				TARGETED_DEVICE_FAMILY = "1,2";
			};
			name = Debug;
		};
		292B3FE129F809EA00CD7620 /* Release */ = {
			isa = XCBuildConfiguration;
			baseConfigurationReference = DFE50E9B635434147D952E9B /* Pods-EDGSample.release.xcconfig */;
			buildSettings = {
				ASSETCATALOG_COMPILER_APPICON_NAME = AppIcon;
				ASSETCATALOG_COMPILER_GLOBAL_ACCENT_COLOR_NAME = AccentColor;
				CODE_SIGN_STYLE = Automatic;
				CURRENT_PROJECT_VERSION = 1;
				DEVELOPMENT_ASSET_PATHS = "\"EDGSample/Preview Content\"";
				DEVELOPMENT_TEAM = XTLNDJC7C4;
				ENABLE_PREVIEWS = YES;
				GENERATE_INFOPLIST_FILE = YES;
				INFOPLIST_KEY_UIApplicationSceneManifest_Generation = YES;
				INFOPLIST_KEY_UIApplicationSupportsIndirectInputEvents = YES;
				INFOPLIST_KEY_UILaunchScreen_Generation = YES;
				INFOPLIST_KEY_UISupportedInterfaceOrientations_iPad = "UIInterfaceOrientationPortrait UIInterfaceOrientationPortraitUpsideDown UIInterfaceOrientationLandscapeLeft UIInterfaceOrientationLandscapeRight";
				INFOPLIST_KEY_UISupportedInterfaceOrientations_iPhone = "UIInterfaceOrientationPortrait UIInterfaceOrientationLandscapeLeft UIInterfaceOrientationLandscapeRight";
				IPHONEOS_DEPLOYMENT_TARGET = 14.6;
				LD_RUNPATH_SEARCH_PATHS = (
					"$(inherited)",
					"@executable_path/Frameworks",
				);
				MARKETING_VERSION = 1.0;
				PRODUCT_BUNDLE_IDENTIFIER = EDGSample.EDGSample;
				PRODUCT_NAME = "$(TARGET_NAME)";
				SWIFT_EMIT_LOC_STRINGS = YES;
				SWIFT_VERSION = 5.0;
				TARGETED_DEVICE_FAMILY = "1,2";
			};
			name = Release;
		};
		292B3FE329F809EA00CD7620 /* Debug */ = {
			isa = XCBuildConfiguration;
			baseConfigurationReference = 1B1DCCA4EA864E0DB5321345 /* Pods-EDGSampleTests.debug.xcconfig */;
			buildSettings = {
				ALWAYS_EMBED_SWIFT_STANDARD_LIBRARIES = YES;
				BUNDLE_LOADER = "$(TEST_HOST)";
				CODE_SIGN_STYLE = Automatic;
				CURRENT_PROJECT_VERSION = 1;
				DEVELOPMENT_TEAM = XTLNDJC7C4;
				GENERATE_INFOPLIST_FILE = YES;
				IPHONEOS_DEPLOYMENT_TARGET = 16.1;
				MARKETING_VERSION = 1.0;
				PRODUCT_BUNDLE_IDENTIFIER = EDGSample.EDGSampleTests;
				PRODUCT_NAME = "$(TARGET_NAME)";
				SWIFT_EMIT_LOC_STRINGS = NO;
				SWIFT_VERSION = 5.0;
				TARGETED_DEVICE_FAMILY = "1,2";
				TEST_HOST = "$(BUILT_PRODUCTS_DIR)/EDGSample.app/$(BUNDLE_EXECUTABLE_FOLDER_PATH)/EDGSample";
			};
			name = Debug;
		};
		292B3FE429F809EA00CD7620 /* Release */ = {
			isa = XCBuildConfiguration;
			baseConfigurationReference = 479B07360C1C5F27B423E2E6 /* Pods-EDGSampleTests.release.xcconfig */;
			buildSettings = {
				ALWAYS_EMBED_SWIFT_STANDARD_LIBRARIES = YES;
				BUNDLE_LOADER = "$(TEST_HOST)";
				CODE_SIGN_STYLE = Automatic;
				CURRENT_PROJECT_VERSION = 1;
				DEVELOPMENT_TEAM = XTLNDJC7C4;
				GENERATE_INFOPLIST_FILE = YES;
				IPHONEOS_DEPLOYMENT_TARGET = 16.1;
				MARKETING_VERSION = 1.0;
				PRODUCT_BUNDLE_IDENTIFIER = EDGSample.EDGSampleTests;
				PRODUCT_NAME = "$(TARGET_NAME)";
				SWIFT_EMIT_LOC_STRINGS = NO;
				SWIFT_VERSION = 5.0;
				TARGETED_DEVICE_FAMILY = "1,2";
				TEST_HOST = "$(BUILT_PRODUCTS_DIR)/EDGSample.app/$(BUNDLE_EXECUTABLE_FOLDER_PATH)/EDGSample";
			};
			name = Release;
		};
		292B3FE629F809EA00CD7620 /* Debug */ = {
			isa = XCBuildConfiguration;
			baseConfigurationReference = 57022A7193C96E6D02EB91E1 /* Pods-EDGSample-EDGSampleUITests.debug.xcconfig */;
			buildSettings = {
				ALWAYS_EMBED_SWIFT_STANDARD_LIBRARIES = YES;
				CODE_SIGN_STYLE = Automatic;
				CURRENT_PROJECT_VERSION = 1;
				DEVELOPMENT_TEAM = XTLNDJC7C4;
				GENERATE_INFOPLIST_FILE = YES;
				MARKETING_VERSION = 1.0;
				PRODUCT_BUNDLE_IDENTIFIER = EDGSample.EDGSampleUITests;
				PRODUCT_NAME = "$(TARGET_NAME)";
				SWIFT_EMIT_LOC_STRINGS = NO;
				SWIFT_VERSION = 5.0;
				TARGETED_DEVICE_FAMILY = "1,2";
				TEST_TARGET_NAME = EDGSample;
			};
			name = Debug;
		};
		292B3FE729F809EA00CD7620 /* Release */ = {
			isa = XCBuildConfiguration;
			baseConfigurationReference = 8E03FDDC3AFE5A92882BC0FD /* Pods-EDGSample-EDGSampleUITests.release.xcconfig */;
			buildSettings = {
				ALWAYS_EMBED_SWIFT_STANDARD_LIBRARIES = YES;
				CODE_SIGN_STYLE = Automatic;
				CURRENT_PROJECT_VERSION = 1;
				DEVELOPMENT_TEAM = XTLNDJC7C4;
				GENERATE_INFOPLIST_FILE = YES;
				MARKETING_VERSION = 1.0;
				PRODUCT_BUNDLE_IDENTIFIER = EDGSample.EDGSampleUITests;
				PRODUCT_NAME = "$(TARGET_NAME)";
				SWIFT_EMIT_LOC_STRINGS = NO;
				SWIFT_VERSION = 5.0;
				TARGETED_DEVICE_FAMILY = "1,2";
				TEST_TARGET_NAME = EDGSample;
			};
			name = Release;
		};
/* End XCBuildConfiguration section */

/* Begin XCConfigurationList section */
		292B3FB629F809E700CD7620 /* Build configuration list for PBXProject "EDGSample" */ = {
			isa = XCConfigurationList;
			buildConfigurations = (
				292B3FDD29F809EA00CD7620 /* Debug */,
				292B3FDE29F809EA00CD7620 /* Release */,
			);
			defaultConfigurationIsVisible = 0;
			defaultConfigurationName = Release;
		};
		292B3FDF29F809EA00CD7620 /* Build configuration list for PBXNativeTarget "EDGSample" */ = {
			isa = XCConfigurationList;
			buildConfigurations = (
				292B3FE029F809EA00CD7620 /* Debug */,
				292B3FE129F809EA00CD7620 /* Release */,
			);
			defaultConfigurationIsVisible = 0;
			defaultConfigurationName = Release;
		};
		292B3FE229F809EA00CD7620 /* Build configuration list for PBXNativeTarget "EDGSampleTests" */ = {
			isa = XCConfigurationList;
			buildConfigurations = (
				292B3FE329F809EA00CD7620 /* Debug */,
				292B3FE429F809EA00CD7620 /* Release */,
			);
			defaultConfigurationIsVisible = 0;
			defaultConfigurationName = Release;
		};
		292B3FE529F809EA00CD7620 /* Build configuration list for PBXNativeTarget "EDGSampleUITests" */ = {
			isa = XCConfigurationList;
			buildConfigurations = (
				292B3FE629F809EA00CD7620 /* Debug */,
				292B3FE729F809EA00CD7620 /* Release */,
			);
			defaultConfigurationIsVisible = 0;
			defaultConfigurationName = Release;
		};
/* End XCConfigurationList section */
	};
	rootObject = 292B3FB329F809E700CD7620 /* Project object */;
}
